
Microsoft Visual Studio Solution File, Format Version 12.00
# Visual Studio Version 17
VisualStudioVersion = 17.5.002.0
MinimumVisualStudioVersion = 10.0.40219.1
Project("{9A19103F-16F7-4668-BE54-9A1E7A4F7556}") = "ChatP2P", "ChatP2P\ChatP2P.csproj", "{02BA384B-E7A8-439B-84ED-15D5E3986A0F}"
EndProject
Project("{9A19103F-16F7-4668-BE54-9A1E7A4F7556}") = "HelloWorld", "HelloWorld\HelloWorld.csproj", "{34C79E85-A0FA-4EA1-80DA-BD2227ECE240}"
EndProject
Global
	GlobalSection(SolutionConfigurationPlatforms) = preSolution
		Debug|Any CPU = Debug|Any CPU
		Release|Any CPU = Release|Any CPU
	EndGlobalSection
	GlobalSection(ProjectConfigurationPlatforms) = postSolution
		{02BA384B-E7A8-439B-84ED-15D5E3986A0F}.Debug|Any CPU.ActiveCfg = Debug|Any CPU
		{02BA384B-E7A8-439B-84ED-15D5E3986A0F}.Debug|Any CPU.Build.0 = Debug|Any CPU
		{02BA384B-E7A8-439B-84ED-15D5E3986A0F}.Release|Any CPU.ActiveCfg = Release|Any CPU
		{02BA384B-E7A8-439B-84ED-15D5E3986A0F}.Release|Any CPU.Build.0 = Release|Any CPU
		{34C79E85-A0FA-4EA1-80DA-BD2227ECE240}.Debug|Any CPU.ActiveCfg = Debug|Any CPU
		{34C79E85-A0FA-4EA1-80DA-BD2227ECE240}.Debug|Any CPU.Build.0 = Debug|Any CPU
		{34C79E85-A0FA-4EA1-80DA-BD2227ECE240}.Release|Any CPU.ActiveCfg = Release|Any CPU
		{34C79E85-A0FA-4EA1-80DA-BD2227ECE240}.Release|Any CPU.Build.0 = Release|Any CPU
	EndGlobalSection
	GlobalSection(SolutionProperties) = preSolution
		HideSolutionNode = FALSE
	EndGlobalSection
	GlobalSection(ExtensibilityGlobals) = postSolution
		SolutionGuid = {F5C8E30A-7B1A-4D0B-96AA-CBC5A990DE6B}
	EndGlobalSection
EndGlobal
