
Microsoft Visual Studio Solution File, Format Version 12.00
# Visual Studio Version 17
VisualStudioVersion = 17.5.002.0
MinimumVisualStudioVersion = 10.0.40219.1
Project("{9A19103F-16F7-4668-BE54-9A1E7A4F7556}") = "ChatP2P", "ChatP2P\ChatP2P.csproj", "{EE1343C8-52BA-450B-9987-8818071D11BE}"
EndProject
Project("{9A19103F-16F7-4668-BE54-9A1E7A4F7556}") = "FileDownload", "FileDownload\FileDownload.csproj", "{DCA0A150-1FE7-426A-B949-3427DA39D6B3}"
EndProject
Project("{9A19103F-16F7-4668-BE54-9A1E7A4F7556}") = "HelloWorld", "HelloWorld\HelloWorld.csproj", "{C23E9C4F-AB42-4330-B8F6-4D9A07E70F0B}"
EndProject
Project("{9A19103F-16F7-4668-BE54-9A1E7A4F7556}") = "SoapApi", "SoapApi\SoapApi.csproj", "{32507825-7050-4D08-9CD8-70841039DB19}"
EndProject
Global
	GlobalSection(SolutionConfigurationPlatforms) = preSolution
		Debug|Any CPU = Debug|Any CPU
		Release|Any CPU = Release|Any CPU
	EndGlobalSection
	GlobalSection(ProjectConfigurationPlatforms) = postSolution
		{EE1343C8-52BA-450B-9987-8818071D11BE}.Debug|Any CPU.ActiveCfg = Debug|Any CPU
		{EE1343C8-52BA-450B-9987-8818071D11BE}.Debug|Any CPU.Build.0 = Debug|Any CPU
		{EE1343C8-52BA-450B-9987-8818071D11BE}.Release|Any CPU.ActiveCfg = Release|Any CPU
		{EE1343C8-52BA-450B-9987-8818071D11BE}.Release|Any CPU.Build.0 = Release|Any CPU
		{DCA0A150-1FE7-426A-B949-3427DA39D6B3}.Debug|Any CPU.ActiveCfg = Debug|Any CPU
		{DCA0A150-1FE7-426A-B949-3427DA39D6B3}.Debug|Any CPU.Build.0 = Debug|Any CPU
		{DCA0A150-1FE7-426A-B949-3427DA39D6B3}.Release|Any CPU.ActiveCfg = Release|Any CPU
		{DCA0A150-1FE7-426A-B949-3427DA39D6B3}.Release|Any CPU.Build.0 = Release|Any CPU
		{C23E9C4F-AB42-4330-B8F6-4D9A07E70F0B}.Debug|Any CPU.ActiveCfg = Debug|Any CPU
		{C23E9C4F-AB42-4330-B8F6-4D9A07E70F0B}.Debug|Any CPU.Build.0 = Debug|Any CPU
		{C23E9C4F-AB42-4330-B8F6-4D9A07E70F0B}.Release|Any CPU.ActiveCfg = Release|Any CPU
		{C23E9C4F-AB42-4330-B8F6-4D9A07E70F0B}.Release|Any CPU.Build.0 = Release|Any CPU
		{32507825-7050-4D08-9CD8-70841039DB19}.Debug|Any CPU.ActiveCfg = Debug|Any CPU
		{32507825-7050-4D08-9CD8-70841039DB19}.Debug|Any CPU.Build.0 = Debug|Any CPU
		{32507825-7050-4D08-9CD8-70841039DB19}.Release|Any CPU.ActiveCfg = Release|Any CPU
		{32507825-7050-4D08-9CD8-70841039DB19}.Release|Any CPU.Build.0 = Release|Any CPU
	EndGlobalSection
	GlobalSection(SolutionProperties) = preSolution
		HideSolutionNode = FALSE
	EndGlobalSection
	GlobalSection(ExtensibilityGlobals) = postSolution
		SolutionGuid = {F5C8E30A-7B1A-4D0B-96AA-CBC5A990DE6B}
	EndGlobalSection
EndGlobal
